
Microsoft Visual Studio Solution File, Format Version 12.00
# Visual Studio Version 17
VisualStudioVersion = 17.9.34723.18
MinimumVisualStudioVersion = 10.0.40219.1
Project("{FAE04EC0-301F-11D3-BF4B-00C04F79EFBC}") = "AzureDemo1", "AzureDemo1\AzureDemo1.csproj", "{A2C81D29-6100-48DF-B1A6-583E7C90BD07}"
EndProject
Global
	GlobalSection(SolutionConfigurationPlatforms) = preSolution
		Debug|Any CPU = Debug|Any CPU
		Release|Any CPU = Release|Any CPU
	EndGlobalSection
	GlobalSection(ProjectConfigurationPlatforms) = postSolution
		{A2C81D29-6100-48DF-B1A6-583E7C90BD07}.Debug|Any CPU.ActiveCfg = Debug|Any CPU
		{A2C81D29-6100-48DF-B1A6-583E7C90BD07}.Debug|Any CPU.Build.0 = Debug|Any CPU
		{A2C81D29-6100-48DF-B1A6-583E7C90BD07}.Release|Any CPU.ActiveCfg = Release|Any CPU
		{A2C81D29-6100-48DF-B1A6-583E7C90BD07}.Release|Any CPU.Build.0 = Release|Any CPU
	EndGlobalSection
	GlobalSection(SolutionProperties) = preSolution
		HideSolutionNode = FALSE
	EndGlobalSection
	GlobalSection(ExtensibilityGlobals) = postSolution
		SolutionGuid = {9341E16A-8BD4-4D4C-9F1D-F0D77543EE2C}
	EndGlobalSection
EndGlobal
